// !$*UTF8*$!
{
	archiveVersion = 1;
	classes = {
	};
	objectVersion = 46;
	objects = {

/* Begin PBXBuildFile section */
		5FBB50321AFD1FD900EF4189 /* main.m in Sources */ = {isa = PBXBuildFile; fileRef = 5FBB50311AFD1FD900EF4189 /* main.m */; };
		5FBB50351AFD1FD900EF4189 /* AppDelegate.m in Sources */ = {isa = PBXBuildFile; fileRef = 5FBB50341AFD1FD900EF4189 /* AppDelegate.m */; };
		5FBB50381AFD1FD900EF4189 /* ViewController.m in Sources */ = {isa = PBXBuildFile; fileRef = 5FBB50371AFD1FD900EF4189 /* ViewController.m */; };
		5FBB503B1AFD1FD900EF4189 /* Main.storyboard in Resources */ = {isa = PBXBuildFile; fileRef = 5FBB50391AFD1FD900EF4189 /* Main.storyboard */; };
		5FBB503D1AFD1FD900EF4189 /* Images.xcassets in Resources */ = {isa = PBXBuildFile; fileRef = 5FBB503C1AFD1FD900EF4189 /* Images.xcassets */; };
		5FBB50401AFD1FD900EF4189 /* LaunchScreen.xib in Resources */ = {isa = PBXBuildFile; fileRef = 5FBB503E1AFD1FD900EF4189 /* LaunchScreen.xib */; };
		5FBB504C1AFD1FDA00EF4189 /* KYParallaxViewDemoTests.m in Sources */ = {isa = PBXBuildFile; fileRef = 5FBB504B1AFD1FDA00EF4189 /* KYParallaxViewDemoTests.m */; };
		5FC828101AFF6F2F00E841AC /* CustomViews.m in Sources */ = {isa = PBXBuildFile; fileRef = 5FC8280E1AFF6F2F00E841AC /* CustomViews.m */; };
		5FC828111AFF6F2F00E841AC /* CustomViews.xib in Resources */ = {isa = PBXBuildFile; fileRef = 5FC8280F1AFF6F2F00E841AC /* CustomViews.xib */; };
		5FC828171AFF6F5000E841AC /* KYParallaxVerticalView.m in Sources */ = {isa = PBXBuildFile; fileRef = 5FC828161AFF6F5000E841AC /* KYParallaxVerticalView.m */; };
		5FC8281A1AFF6F5600E841AC /* KYParallaxHorizontalView.m in Sources */ = {isa = PBXBuildFile; fileRef = 5FC828191AFF6F5600E841AC /* KYParallaxHorizontalView.m */; };
		5FC8281F1AFF6F5C00E841AC /* KYParallaxCollectionCell.m in Sources */ = {isa = PBXBuildFile; fileRef = 5FC8281C1AFF6F5C00E841AC /* KYParallaxCollectionCell.m */; };
		5FC828201AFF6F5C00E841AC /* KYParallaxCollectionLayout.m in Sources */ = {isa = PBXBuildFile; fileRef = 5FC8281E1AFF6F5C00E841AC /* KYParallaxCollectionLayout.m */; };
/* End PBXBuildFile section */

/* Begin PBXContainerItemProxy section */
		5FBB50461AFD1FDA00EF4189 /* PBXContainerItemProxy */ = {
			isa = PBXContainerItemProxy;
			containerPortal = 5FBB50241AFD1FD900EF4189 /* Project object */;
			proxyType = 1;
			remoteGlobalIDString = 5FBB502B1AFD1FD900EF4189;
			remoteInfo = KYParallaxViewDemo;
		};
/* End PBXContainerItemProxy section */

/* Begin PBXFileReference section */
		5FBB502C1AFD1FD900EF4189 /* KYParallaxViewDemo.app */ = {isa = PBXFileReference; explicitFileType = wrapper.application; includeInIndex = 0; path = KYParallaxViewDemo.app; sourceTree = BUILT_PRODUCTS_DIR; };
		5FBB50301AFD1FD900EF4189 /* Info.plist */ = {isa = PBXFileReference; lastKnownFileType = text.plist.xml; path = Info.plist; sourceTree = "<group>"; };
		5FBB50311AFD1FD900EF4189 /* main.m */ = {isa = PBXFileReference; lastKnownFileType = sourcecode.c.objc; path = main.m; sourceTree = "<group>"; };
		5FBB50331AFD1FD900EF4189 /* AppDelegate.h */ = {isa = PBXFileReference; lastKnownFileType = sourcecode.c.h; path = AppDelegate.h; sourceTree = "<group>"; };
		5FBB50341AFD1FD900EF4189 /* AppDelegate.m */ = {isa = PBXFileReference; lastKnownFileType = sourcecode.c.objc; path = AppDelegate.m; sourceTree = "<group>"; };
		5FBB50361AFD1FD900EF4189 /* ViewController.h */ = {isa = PBXFileReference; lastKnownFileType = sourcecode.c.h; path = ViewController.h; sourceTree = "<group>"; };
		5FBB50371AFD1FD900EF4189 /* ViewController.m */ = {isa = PBXFileReference; lastKnownFileType = sourcecode.c.objc; path = ViewController.m; sourceTree = "<group>"; };
		5FBB503A1AFD1FD900EF4189 /* Base */ = {isa = PBXFileReference; lastKnownFileType = file.storyboard; name = Base; path = Base.lproj/Main.storyboard; sourceTree = "<group>"; };
		5FBB503C1AFD1FD900EF4189 /* Images.xcassets */ = {isa = PBXFileReference; lastKnownFileType = folder.assetcatalog; path = Images.xcassets; sourceTree = "<group>"; };
		5FBB503F1AFD1FD900EF4189 /* Base */ = {isa = PBXFileReference; lastKnownFileType = file.xib; name = Base; path = Base.lproj/LaunchScreen.xib; sourceTree = "<group>"; };
		5FBB50451AFD1FDA00EF4189 /* KYParallaxViewDemoTests.xctest */ = {isa = PBXFileReference; explicitFileType = wrapper.cfbundle; includeInIndex = 0; path = KYParallaxViewDemoTests.xctest; sourceTree = BUILT_PRODUCTS_DIR; };
		5FBB504A1AFD1FDA00EF4189 /* Info.plist */ = {isa = PBXFileReference; lastKnownFileType = text.plist.xml; path = Info.plist; sourceTree = "<group>"; };
		5FBB504B1AFD1FDA00EF4189 /* KYParallaxViewDemoTests.m */ = {isa = PBXFileReference; lastKnownFileType = sourcecode.c.objc; path = KYParallaxViewDemoTests.m; sourceTree = "<group>"; };
		5FC8280D1AFF6F2F00E841AC /* CustomViews.h */ = {isa = PBXFileReference; fileEncoding = 4; lastKnownFileType = sourcecode.c.h; name = CustomViews.h; path = KYParallaxViewClasses/CustomViews/CustomViews.h; sourceTree = "<group>"; };
		5FC8280E1AFF6F2F00E841AC /* CustomViews.m */ = {isa = PBXFileReference; fileEncoding = 4; lastKnownFileType = sourcecode.c.objc; name = CustomViews.m; path = KYParallaxViewClasses/CustomViews/CustomViews.m; sourceTree = "<group>"; };
		5FC8280F1AFF6F2F00E841AC /* CustomViews.xib */ = {isa = PBXFileReference; fileEncoding = 4; lastKnownFileType = file.xib; name = CustomViews.xib; path = KYParallaxViewClasses/CustomViews/CustomViews.xib; sourceTree = "<group>"; };
		5FC828151AFF6F5000E841AC /* KYParallaxVerticalView.h */ = {isa = PBXFileReference; fileEncoding = 4; lastKnownFileType = sourcecode.c.h; name = KYParallaxVerticalView.h; path = KYParallaxViewClasses/KYParallaxVerticalView/KYParallaxVerticalView.h; sourceTree = "<group>"; };
		5FC828161AFF6F5000E841AC /* KYParallaxVerticalView.m */ = {isa = PBXFileReference; fileEncoding = 4; lastKnownFileType = sourcecode.c.objc; name = KYParallaxVerticalView.m; path = KYParallaxViewClasses/KYParallaxVerticalView/KYParallaxVerticalView.m; sourceTree = "<group>"; };
		5FC828181AFF6F5600E841AC /* KYParallaxHorizontalView.h */ = {isa = PBXFileReference; fileEncoding = 4; lastKnownFileType = sourcecode.c.h; name = KYParallaxHorizontalView.h; path = KYParallaxViewClasses/KYParallaxHorizontalView/KYParallaxHorizontalView.h; sourceTree = "<group>"; };
		5FC828191AFF6F5600E841AC /* KYParallaxHorizontalView.m */ = {isa = PBXFileReference; fileEncoding = 4; lastKnownFileType = sourcecode.c.objc; name = KYParallaxHorizontalView.m; path = KYParallaxViewClasses/KYParallaxHorizontalView/KYParallaxHorizontalView.m; sourceTree = "<group>"; };
		5FC8281B1AFF6F5C00E841AC /* KYParallaxCollectionCell.h */ = {isa = PBXFileReference; fileEncoding = 4; lastKnownFileType = sourcecode.c.h; name = KYParallaxCollectionCell.h; path = KYParallaxViewClasses/KYParallaxHorizontalView/KYParallaxCollection/KYParallaxCollectionCell.h; sourceTree = "<group>"; };
		5FC8281C1AFF6F5C00E841AC /* KYParallaxCollectionCell.m */ = {isa = PBXFileReference; fileEncoding = 4; lastKnownFileType = sourcecode.c.objc; name = KYParallaxCollectionCell.m; path = KYParallaxViewClasses/KYParallaxHorizontalView/KYParallaxCollection/KYParallaxCollectionCell.m; sourceTree = "<group>"; };
		5FC8281D1AFF6F5C00E841AC /* KYParallaxCollectionLayout.h */ = {isa = PBXFileReference; fileEncoding = 4; lastKnownFileType = sourcecode.c.h; name = KYParallaxCollectionLayout.h; path = KYParallaxViewClasses/KYParallaxHorizontalView/KYParallaxCollection/KYParallaxCollectionLayout.h; sourceTree = "<group>"; };
		5FC8281E1AFF6F5C00E841AC /* KYParallaxCollectionLayout.m */ = {isa = PBXFileReference; fileEncoding = 4; lastKnownFileType = sourcecode.c.objc; name = KYParallaxCollectionLayout.m; path = KYParallaxViewClasses/KYParallaxHorizontalView/KYParallaxCollection/KYParallaxCollectionLayout.m; sourceTree = "<group>"; };
/* End PBXFileReference section */

/* Begin PBXFrameworksBuildPhase section */
		5FBB50291AFD1FD900EF4189 /* Frameworks */ = {
			isa = PBXFrameworksBuildPhase;
			buildActionMask = 2147483647;
			files = (
			);
			runOnlyForDeploymentPostprocessing = 0;
		};
		5FBB50421AFD1FDA00EF4189 /* Frameworks */ = {
			isa = PBXFrameworksBuildPhase;
			buildActionMask = 2147483647;
			files = (
			);
			runOnlyForDeploymentPostprocessing = 0;
		};
/* End PBXFrameworksBuildPhase section */

/* Begin PBXGroup section */
		5F9372D61AFDF13D00C84D63 /* CustomViews */ = {
			isa = PBXGroup;
			children = (
				5FC8280D1AFF6F2F00E841AC /* CustomViews.h */,
				5FC8280E1AFF6F2F00E841AC /* CustomViews.m */,
				5FC8280F1AFF6F2F00E841AC /* CustomViews.xib */,
			);
			name = CustomViews;
			sourceTree = "<group>";
		};
		5FBB50231AFD1FD900EF4189 = {
			isa = PBXGroup;
			children = (
				5FBB502E1AFD1FD900EF4189 /* KYParallaxViewDemo */,
				5FBB50481AFD1FDA00EF4189 /* KYParallaxViewDemoTests */,
				5FBB502D1AFD1FD900EF4189 /* Products */,
			);
			sourceTree = "<group>";
		};
		5FBB502D1AFD1FD900EF4189 /* Products */ = {
			isa = PBXGroup;
			children = (
				5FBB502C1AFD1FD900EF4189 /* KYParallaxViewDemo.app */,
				5FBB50451AFD1FDA00EF4189 /* KYParallaxViewDemoTests.xctest */,
			);
			name = Products;
			sourceTree = "<group>";
		};
		5FBB502E1AFD1FD900EF4189 /* KYParallaxViewDemo */ = {
			isa = PBXGroup;
			children = (
				5FBB50331AFD1FD900EF4189 /* AppDelegate.h */,
				5FBB50341AFD1FD900EF4189 /* AppDelegate.m */,
				5FBB50361AFD1FD900EF4189 /* ViewController.h */,
				5FBB50371AFD1FD900EF4189 /* ViewController.m */,
				5FBB50581AFD229700EF4189 /* KYParallaxViewClasses */,
				5FBB50391AFD1FD900EF4189 /* Main.storyboard */,
				5FBB503C1AFD1FD900EF4189 /* Images.xcassets */,
				5FBB503E1AFD1FD900EF4189 /* LaunchScreen.xib */,
				5FBB502F1AFD1FD900EF4189 /* Supporting Files */,
			);
			path = KYParallaxViewDemo;
			sourceTree = "<group>";
		};
		5FBB502F1AFD1FD900EF4189 /* Supporting Files */ = {
			isa = PBXGroup;
			children = (
				5FBB50301AFD1FD900EF4189 /* Info.plist */,
				5FBB50311AFD1FD900EF4189 /* main.m */,
			);
			name = "Supporting Files";
			sourceTree = "<group>";
		};
		5FBB50481AFD1FDA00EF4189 /* KYParallaxViewDemoTests */ = {
			isa = PBXGroup;
			children = (
				5FBB504B1AFD1FDA00EF4189 /* KYParallaxViewDemoTests.m */,
				5FBB50491AFD1FDA00EF4189 /* Supporting Files */,
			);
			path = KYParallaxViewDemoTests;
			sourceTree = "<group>";
		};
		5FBB50491AFD1FDA00EF4189 /* Supporting Files */ = {
			isa = PBXGroup;
			children = (
				5FBB504A1AFD1FDA00EF4189 /* Info.plist */,
			);
			name = "Supporting Files";
			sourceTree = "<group>";
		};
		5FBB50581AFD229700EF4189 /* KYParallaxViewClasses */ = {
			isa = PBXGroup;
			children = (
				5F9372D61AFDF13D00C84D63 /* CustomViews */,
				5FC827E91AFE1C1700E841AC /* KYParallaxVerticalView */,
				5FC827F71AFE77AF00E841AC /* KYParallaxHorizontalView */,
			);
			name = KYParallaxViewClasses;
			sourceTree = "<group>";
		};
		5FC827E91AFE1C1700E841AC /* KYParallaxVerticalView */ = {
			isa = PBXGroup;
			children = (
				5FC828151AFF6F5000E841AC /* KYParallaxVerticalView.h */,
				5FC828161AFF6F5000E841AC /* KYParallaxVerticalView.m */,
			);
			name = KYParallaxVerticalView;
			sourceTree = "<group>";
		};
		5FC827F71AFE77AF00E841AC /* KYParallaxHorizontalView */ = {
			isa = PBXGroup;
			children = (
				5FC828181AFF6F5600E841AC /* KYParallaxHorizontalView.h */,
				5FC828191AFF6F5600E841AC /* KYParallaxHorizontalView.m */,
				5FC8280C1AFF6E3E00E841AC /* KYParallaxCollection */,
			);
			name = KYParallaxHorizontalView;
			sourceTree = "<group>";
		};
		5FC8280C1AFF6E3E00E841AC /* KYParallaxCollection */ = {
			isa = PBXGroup;
			children = (
				5FC8281B1AFF6F5C00E841AC /* KYParallaxCollectionCell.h */,
				5FC8281C1AFF6F5C00E841AC /* KYParallaxCollectionCell.m */,
				5FC8281D1AFF6F5C00E841AC /* KYParallaxCollectionLayout.h */,
				5FC8281E1AFF6F5C00E841AC /* KYParallaxCollectionLayout.m */,
			);
			name = KYParallaxCollection;
			sourceTree = "<group>";
		};
/* End PBXGroup section */

/* Begin PBXNativeTarget section */
		5FBB502B1AFD1FD900EF4189 /* KYParallaxViewDemo */ = {
			isa = PBXNativeTarget;
			buildConfigurationList = 5FBB504F1AFD1FDA00EF4189 /* Build configuration list for PBXNativeTarget "KYParallaxViewDemo" */;
			buildPhases = (
				5FBB50281AFD1FD900EF4189 /* Sources */,
				5FBB50291AFD1FD900EF4189 /* Frameworks */,
				5FBB502A1AFD1FD900EF4189 /* Resources */,
			);
			buildRules = (
			);
			dependencies = (
			);
			name = KYParallaxViewDemo;
			productName = KYParallaxViewDemo;
			productReference = 5FBB502C1AFD1FD900EF4189 /* KYParallaxViewDemo.app */;
			productType = "com.apple.product-type.application";
		};
		5FBB50441AFD1FDA00EF4189 /* KYParallaxViewDemoTests */ = {
			isa = PBXNativeTarget;
			buildConfigurationList = 5FBB50521AFD1FDA00EF4189 /* Build configuration list for PBXNativeTarget "KYParallaxViewDemoTests" */;
			buildPhases = (
				5FBB50411AFD1FDA00EF4189 /* Sources */,
				5FBB50421AFD1FDA00EF4189 /* Frameworks */,
				5FBB50431AFD1FDA00EF4189 /* Resources */,
			);
			buildRules = (
			);
			dependencies = (
				5FBB50471AFD1FDA00EF4189 /* PBXTargetDependency */,
			);
			name = KYParallaxViewDemoTests;
			productName = KYParallaxViewDemoTests;
			productReference = 5FBB50451AFD1FDA00EF4189 /* KYParallaxViewDemoTests.xctest */;
			productType = "com.apple.product-type.bundle.unit-test";
		};
/* End PBXNativeTarget section */

/* Begin PBXProject section */
		5FBB50241AFD1FD900EF4189 /* Project object */ = {
			isa = PBXProject;
			attributes = {
				LastUpgradeCheck = 0630;
				ORGANIZATIONNAME = "Kitten Yang";
				TargetAttributes = {
					5FBB502B1AFD1FD900EF4189 = {
						CreatedOnToolsVersion = 6.3;
					};
					5FBB50441AFD1FDA00EF4189 = {
						CreatedOnToolsVersion = 6.3;
						TestTargetID = 5FBB502B1AFD1FD900EF4189;
					};
				};
			};
			buildConfigurationList = 5FBB50271AFD1FD900EF4189 /* Build configuration list for PBXProject "KYParallaxViewDemo" */;
			compatibilityVersion = "Xcode 3.2";
			developmentRegion = English;
			hasScannedForEncodings = 0;
			knownRegions = (
				en,
				Base,
			);
			mainGroup = 5FBB50231AFD1FD900EF4189;
			productRefGroup = 5FBB502D1AFD1FD900EF4189 /* Products */;
			projectDirPath = "";
			projectRoot = "";
			targets = (
				5FBB502B1AFD1FD900EF4189 /* KYParallaxViewDemo */,
				5FBB50441AFD1FDA00EF4189 /* KYParallaxViewDemoTests */,
			);
		};
/* End PBXProject section */

/* Begin PBXResourcesBuildPhase section */
		5FBB502A1AFD1FD900EF4189 /* Resources */ = {
			isa = PBXResourcesBuildPhase;
			buildActionMask = 2147483647;
			files = (
				5FBB503B1AFD1FD900EF4189 /* Main.storyboard in Resources */,
				5FC828111AFF6F2F00E841AC /* CustomViews.xib in Resources */,
				5FBB50401AFD1FD900EF4189 /* LaunchScreen.xib in Resources */,
				5FBB503D1AFD1FD900EF4189 /* Images.xcassets in Resources */,
			);
			runOnlyForDeploymentPostprocessing = 0;
		};
		5FBB50431AFD1FDA00EF4189 /* Resources */ = {
			isa = PBXResourcesBuildPhase;
			buildActionMask = 2147483647;
			files = (
			);
			runOnlyForDeploymentPostprocessing = 0;
		};
/* End PBXResourcesBuildPhase section */

/* Begin PBXSourcesBuildPhase section */
		5FBB50281AFD1FD900EF4189 /* Sources */ = {
			isa = PBXSourcesBuildPhase;
			buildActionMask = 2147483647;
			files = (
				5FC828101AFF6F2F00E841AC /* CustomViews.m in Sources */,
				5FBB50381AFD1FD900EF4189 /* ViewController.m in Sources */,
				5FC828171AFF6F5000E841AC /* KYParallaxVerticalView.m in Sources */,
				5FC8281F1AFF6F5C00E841AC /* KYParallaxCollectionCell.m in Sources */,
				5FBB50351AFD1FD900EF4189 /* AppDelegate.m in Sources */,
				5FBB50321AFD1FD900EF4189 /* main.m in Sources */,
				5FC8281A1AFF6F5600E841AC /* KYParallaxHorizontalView.m in Sources */,
				5FC828201AFF6F5C00E841AC /* KYParallaxCollectionLayout.m in Sources */,
			);
			runOnlyForDeploymentPostprocessing = 0;
		};
		5FBB50411AFD1FDA00EF4189 /* Sources */ = {
			isa = PBXSourcesBuildPhase;
			buildActionMask = 2147483647;
			files = (
				5FBB504C1AFD1FDA00EF4189 /* KYParallaxViewDemoTests.m in Sources */,
			);
			runOnlyForDeploymentPostprocessing = 0;
		};
/* End PBXSourcesBuildPhase section */

/* Begin PBXTargetDependency section */
		5FBB50471AFD1FDA00EF4189 /* PBXTargetDependency */ = {
			isa = PBXTargetDependency;
			target = 5FBB502B1AFD1FD900EF4189 /* KYParallaxViewDemo */;
			targetProxy = 5FBB50461AFD1FDA00EF4189 /* PBXContainerItemProxy */;
		};
/* End PBXTargetDependency section */

/* Begin PBXVariantGroup section */
		5FBB50391AFD1FD900EF4189 /* Main.storyboard */ = {
			isa = PBXVariantGroup;
			children = (
				5FBB503A1AFD1FD900EF4189 /* Base */,
			);
			name = Main.storyboard;
			sourceTree = "<group>";
		};
		5FBB503E1AFD1FD900EF4189 /* LaunchScreen.xib */ = {
			isa = PBXVariantGroup;
			children = (
				5FBB503F1AFD1FD900EF4189 /* Base */,
			);
			name = LaunchScreen.xib;
			sourceTree = "<group>";
		};
/* End PBXVariantGroup section */

/* Begin XCBuildConfiguration section */
		5FBB504D1AFD1FDA00EF4189 /* Debug */ = {
			isa = XCBuildConfiguration;
			buildSettings = {
				ALWAYS_SEARCH_USER_PATHS = NO;
				CLANG_CXX_LANGUAGE_STANDARD = "gnu++0x";
				CLANG_CXX_LIBRARY = "libc++";
				CLANG_ENABLE_MODULES = YES;
				CLANG_ENABLE_OBJC_ARC = YES;
				CLANG_WARN_BOOL_CONVERSION = YES;
				CLANG_WARN_CONSTANT_CONVERSION = YES;
				CLANG_WARN_DIRECT_OBJC_ISA_USAGE = YES_ERROR;
				CLANG_WARN_EMPTY_BODY = YES;
				CLANG_WARN_ENUM_CONVERSION = YES;
				CLANG_WARN_INT_CONVERSION = YES;
				CLANG_WARN_OBJC_ROOT_CLASS = YES_ERROR;
				CLANG_WARN_UNREACHABLE_CODE = YES;
				CLANG_WARN__DUPLICATE_METHOD_MATCH = YES;
				"CODE_SIGN_IDENTITY[sdk=iphoneos*]" = "iPhone Developer";
				COPY_PHASE_STRIP = NO;
				DEBUG_INFORMATION_FORMAT = "dwarf-with-dsym";
				ENABLE_STRICT_OBJC_MSGSEND = YES;
				GCC_C_LANGUAGE_STANDARD = gnu99;
				GCC_DYNAMIC_NO_PIC = NO;
				GCC_NO_COMMON_BLOCKS = YES;
				GCC_OPTIMIZATION_LEVEL = 0;
				GCC_PREPROCESSOR_DEFINITIONS = (
					"DEBUG=1",
					"$(inherited)",
				);
				GCC_SYMBOLS_PRIVATE_EXTERN = NO;
				GCC_WARN_64_TO_32_BIT_CONVERSION = YES;
				GCC_WARN_ABOUT_RETURN_TYPE = YES_ERROR;
				GCC_WARN_UNDECLARED_SELECTOR = YES;
				GCC_WARN_UNINITIALIZED_AUTOS = YES_AGGRESSIVE;
				GCC_WARN_UNUSED_FUNCTION = YES;
				GCC_WARN_UNUSED_VARIABLE = YES;
				IPHONEOS_DEPLOYMENT_TARGET = 8.3;
				MTL_ENABLE_DEBUG_INFO = YES;
				ONLY_ACTIVE_ARCH = YES;
				SDKROOT = iphoneos;
			};
			name = Debug;
		};
		5FBB504E1AFD1FDA00EF4189 /* Release */ = {
			isa = XCBuildConfiguration;
			buildSettings = {
				ALWAYS_SEARCH_USER_PATHS = NO;
				CLANG_CXX_LANGUAGE_STANDARD = "gnu++0x";
				CLANG_CXX_LIBRARY = "libc++";
				CLANG_ENABLE_MODULES = YES;
				CLANG_ENABLE_OBJC_ARC = YES;
				CLANG_WARN_BOOL_CONVERSION = YES;
				CLANG_WARN_CONSTANT_CONVERSION = YES;
				CLANG_WARN_DIRECT_OBJC_ISA_USAGE = YES_ERROR;
				CLANG_WARN_EMPTY_BODY = YES;
				CLANG_WARN_ENUM_CONVERSION = YES;
				CLANG_WARN_INT_CONVERSION = YES;
				CLANG_WARN_OBJC_ROOT_CLASS = YES_ERROR;
				CLANG_WARN_UNREACHABLE_CODE = YES;
				CLANG_WARN__DUPLICATE_METHOD_MATCH = YES;
				"CODE_SIGN_IDENTITY[sdk=iphoneos*]" = "iPhone Developer";
				COPY_PHASE_STRIP = NO;
				DEBUG_INFORMATION_FORMAT = "dwarf-with-dsym";
				ENABLE_NS_ASSERTIONS = NO;
				ENABLE_STRICT_OBJC_MSGSEND = YES;
				GCC_C_LANGUAGE_STANDARD = gnu99;
				GCC_NO_COMMON_BLOCKS = YES;
				GCC_WARN_64_TO_32_BIT_CONVERSION = YES;
				GCC_WARN_ABOUT_RETURN_TYPE = YES_ERROR;
				GCC_WARN_UNDECLARED_SELECTOR = YES;
				GCC_WARN_UNINITIALIZED_AUTOS = YES_AGGRESSIVE;
				GCC_WARN_UNUSED_FUNCTION = YES;
				GCC_WARN_UNUSED_VARIABLE = YES;
				IPHONEOS_DEPLOYMENT_TARGET = 8.3;
				MTL_ENABLE_DEBUG_INFO = NO;
				SDKROOT = iphoneos;
				VALIDATE_PRODUCT = YES;
			};
			name = Release;
		};
		5FBB50501AFD1FDA00EF4189 /* Debug */ = {
			isa = XCBuildConfiguration;
			buildSettings = {
				ASSETCATALOG_COMPILER_APPICON_NAME = AppIcon;
				CODE_SIGN_IDENTITY = "iPhone Developer: Xinyu Li (XWYND9KE57)";
				INFOPLIST_FILE = KYParallaxViewDemo/Info.plist;
				IPHONEOS_DEPLOYMENT_TARGET = 7.0;
				LD_RUNPATH_SEARCH_PATHS = "$(inherited) @executable_path/Frameworks";
				PRODUCT_NAME = "$(TARGET_NAME)";
			};
			name = Debug;
		};
		5FBB50511AFD1FDA00EF4189 /* Release */ = {
			isa = XCBuildConfiguration;
			buildSettings = {
				ASSETCATALOG_COMPILER_APPICON_NAME = AppIcon;
				INFOPLIST_FILE = KYParallaxViewDemo/Info.plist;
				IPHONEOS_DEPLOYMENT_TARGET = 7.0;
				LD_RUNPATH_SEARCH_PATHS = "$(inherited) @executable_path/Frameworks";
				PRODUCT_NAME = "$(TARGET_NAME)";
			};
			name = Release;
		};
		5FBB50531AFD1FDA00EF4189 /* Debug */ = {
			isa = XCBuildConfiguration;
			buildSettings = {
				BUNDLE_LOADER = "$(TEST_HOST)";
				FRAMEWORK_SEARCH_PATHS = (
					"$(SDKROOT)/Developer/Library/Frameworks",
					"$(inherited)",
				);
				GCC_PREPROCESSOR_DEFINITIONS = (
					"DEBUG=1",
					"$(inherited)",
				);
				INFOPLIST_FILE = KYParallaxViewDemoTests/Info.plist;
				LD_RUNPATH_SEARCH_PATHS = "$(inherited) @executable_path/Frameworks @loader_path/Frameworks";
				PRODUCT_NAME = "$(TARGET_NAME)";
				TEST_HOST = "$(BUILT_PRODUCTS_DIR)/KYParallaxViewDemo.app/KYParallaxViewDemo";
			};
			name = Debug;
		};
		5FBB50541AFD1FDA00EF4189 /* Release */ = {
			isa = XCBuildConfiguration;
			buildSettings = {
				BUNDLE_LOADER = "$(TEST_HOST)";
				FRAMEWORK_SEARCH_PATHS = (
					"$(SDKROOT)/Developer/Library/Frameworks",
					"$(inherited)",
				);
				INFOPLIST_FILE = KYParallaxViewDemoTests/Info.plist;
				LD_RUNPATH_SEARCH_PATHS = "$(inherited) @executable_path/Frameworks @loader_path/Frameworks";
				PRODUCT_NAME = "$(TARGET_NAME)";
				TEST_HOST = "$(BUILT_PRODUCTS_DIR)/KYParallaxViewDemo.app/KYParallaxViewDemo";
			};
			name = Release;
		};
/* End XCBuildConfiguration section */

/* Begin XCConfigurationList section */
		5FBB50271AFD1FD900EF4189 /* Build configuration list for PBXProject "KYParallaxViewDemo" */ = {
			isa = XCConfigurationList;
			buildConfigurations = (
				5FBB504D1AFD1FDA00EF4189 /* Debug */,
				5FBB504E1AFD1FDA00EF4189 /* Release */,
			);
			defaultConfigurationIsVisible = 0;
			defaultConfigurationName = Release;
		};
		5FBB504F1AFD1FDA00EF4189 /* Build configuration list for PBXNativeTarget "KYParallaxViewDemo" */ = {
			isa = XCConfigurationList;
			buildConfigurations = (
				5FBB50501AFD1FDA00EF4189 /* Debug */,
				5FBB50511AFD1FDA00EF4189 /* Release */,
			);
			defaultConfigurationIsVisible = 0;
			defaultConfigurationName = Release;
		};
		5FBB50521AFD1FDA00EF4189 /* Build configuration list for PBXNativeTarget "KYParallaxViewDemoTests" */ = {
			isa = XCConfigurationList;
			buildConfigurations = (
				5FBB50531AFD1FDA00EF4189 /* Debug */,
				5FBB50541AFD1FDA00EF4189 /* Release */,
			);
			defaultConfigurationIsVisible = 0;
			defaultConfigurationName = Release;
		};
/* End XCConfigurationList section */
	};
	rootObject = 5FBB50241AFD1FD900EF4189 /* Project object */;
}
